
Microsoft Visual Studio Solution File, Format Version 12.00
# Visual Studio Version 16
VisualStudioVersion = 16.0.30320.27
MinimumVisualStudioVersion = 10.0.40219.1
Project("{9A19103F-16F7-4668-BE54-9A1E7A4F7556}") = "_2_ByteBank", "_2_ByteBank\_2_ByteBank.csproj", "{C40C1C04-3DA3-4301-8A7F-E955740936CD}"
EndProject
Project("{9A19103F-16F7-4668-BE54-9A1E7A4F7556}") = "Dll_Byte_Bank", "ClassLibrary1\Dll_Byte_Bank.csproj", "{29A30051-BB3E-4B50-8F79-EADD83E92B77}"
EndProject
Global
	GlobalSection(SolutionConfigurationPlatforms) = preSolution
		Debug|Any CPU = Debug|Any CPU
		Release|Any CPU = Release|Any CPU
	EndGlobalSection
	GlobalSection(ProjectConfigurationPlatforms) = postSolution
		{C40C1C04-3DA3-4301-8A7F-E955740936CD}.Debug|Any CPU.ActiveCfg = Debug|Any CPU
		{C40C1C04-3DA3-4301-8A7F-E955740936CD}.Debug|Any CPU.Build.0 = Debug|Any CPU
		{C40C1C04-3DA3-4301-8A7F-E955740936CD}.Release|Any CPU.ActiveCfg = Release|Any CPU
		{C40C1C04-3DA3-4301-8A7F-E955740936CD}.Release|Any CPU.Build.0 = Release|Any CPU
		{29A30051-BB3E-4B50-8F79-EADD83E92B77}.Debug|Any CPU.ActiveCfg = Debug|Any CPU
		{29A30051-BB3E-4B50-8F79-EADD83E92B77}.Debug|Any CPU.Build.0 = Debug|Any CPU
		{29A30051-BB3E-4B50-8F79-EADD83E92B77}.Release|Any CPU.ActiveCfg = Release|Any CPU
		{29A30051-BB3E-4B50-8F79-EADD83E92B77}.Release|Any CPU.Build.0 = Release|Any CPU
	EndGlobalSection
	GlobalSection(SolutionProperties) = preSolution
		HideSolutionNode = FALSE
	EndGlobalSection
	GlobalSection(ExtensibilityGlobals) = postSolution
		SolutionGuid = {6C17B4FA-BEB8-4092-B4C4-402276FACE06}
	EndGlobalSection
EndGlobal
